
Microsoft Visual Studio Solution File, Format Version 12.00
# Visual Studio Version 17
VisualStudioVersion = 17.2.32526.322
MinimumVisualStudioVersion = 10.0.40219.1
Project("{FAE04EC0-301F-11D3-BF4B-00C04F79EFBC}") = "AreaCalculator.Logic", "src\AreaCalculator.Logic\AreaCalculator.Logic.csproj", "{47E98E3E-CAAF-4ACA-BD5B-0D5FEE34D055}"
EndProject
Project("{FAE04EC0-301F-11D3-BF4B-00C04F79EFBC}") = "AreaCalculator.Tests", "tests\AreaCalculator.Tests\AreaCalculator.Tests.csproj", "{5546E95E-12D7-4370-B4CE-A221EF6488CB}"
EndProject
Global
	GlobalSection(SolutionConfigurationPlatforms) = preSolution
		Debug|Any CPU = Debug|Any CPU
		Release|Any CPU = Release|Any CPU
	EndGlobalSection
	GlobalSection(ProjectConfigurationPlatforms) = postSolution
		{47E98E3E-CAAF-4ACA-BD5B-0D5FEE34D055}.Debug|Any CPU.ActiveCfg = Debug|Any CPU
		{47E98E3E-CAAF-4ACA-BD5B-0D5FEE34D055}.Debug|Any CPU.Build.0 = Debug|Any CPU
		{47E98E3E-CAAF-4ACA-BD5B-0D5FEE34D055}.Release|Any CPU.ActiveCfg = Release|Any CPU
		{47E98E3E-CAAF-4ACA-BD5B-0D5FEE34D055}.Release|Any CPU.Build.0 = Release|Any CPU
		{5546E95E-12D7-4370-B4CE-A221EF6488CB}.Debug|Any CPU.ActiveCfg = Debug|Any CPU
		{5546E95E-12D7-4370-B4CE-A221EF6488CB}.Debug|Any CPU.Build.0 = Debug|Any CPU
		{5546E95E-12D7-4370-B4CE-A221EF6488CB}.Release|Any CPU.ActiveCfg = Release|Any CPU
		{5546E95E-12D7-4370-B4CE-A221EF6488CB}.Release|Any CPU.Build.0 = Release|Any CPU
	EndGlobalSection
	GlobalSection(SolutionProperties) = preSolution
		HideSolutionNode = FALSE
	EndGlobalSection
	GlobalSection(ExtensibilityGlobals) = postSolution
		SolutionGuid = {D4C3029D-0512-4102-9D83-C8831801A787}
	EndGlobalSection
EndGlobal
